
Microsoft Visual Studio Solution File, Format Version 12.00
# Visual Studio 15
VisualStudioVersion = 15.0.28010.2019
MinimumVisualStudioVersion = 10.0.40219.1
Project("{FAE04EC0-301F-11D3-BF4B-00C04F79EFBC}") = "Exercise 1", "Exercise1\Exercise 1.csproj", "{37ED549E-2240-4592-9E88-1DFD6DF825CF}"
EndProject
Project("{FAE04EC0-301F-11D3-BF4B-00C04F79EFBC}") = "Excercise 2", "Excercise 2\Excercise 2.csproj", "{2940EE22-F8D0-4DC1-AE48-8E7221FEACEE}"
EndProject
Project("{FAE04EC0-301F-11D3-BF4B-00C04F79EFBC}") = "Excercise 3", "Excercise 3\Excercise 3.csproj", "{15E74282-1690-460D-88A6-82ACEE9B79F8}"
EndProject
Project("{FAE04EC0-301F-11D3-BF4B-00C04F79EFBC}") = "Excercise 4", "Excercise 4\Excercise 4.csproj", "{699387DC-11E2-451D-B461-3260E56ED60E}"
EndProject
Global
	GlobalSection(SolutionConfigurationPlatforms) = preSolution
		Debug|Any CPU = Debug|Any CPU
		Release|Any CPU = Release|Any CPU
	EndGlobalSection
	GlobalSection(ProjectConfigurationPlatforms) = postSolution
		{37ED549E-2240-4592-9E88-1DFD6DF825CF}.Debug|Any CPU.ActiveCfg = Debug|Any CPU
		{37ED549E-2240-4592-9E88-1DFD6DF825CF}.Debug|Any CPU.Build.0 = Debug|Any CPU
		{37ED549E-2240-4592-9E88-1DFD6DF825CF}.Release|Any CPU.ActiveCfg = Release|Any CPU
		{37ED549E-2240-4592-9E88-1DFD6DF825CF}.Release|Any CPU.Build.0 = Release|Any CPU
		{2940EE22-F8D0-4DC1-AE48-8E7221FEACEE}.Debug|Any CPU.ActiveCfg = Debug|Any CPU
		{2940EE22-F8D0-4DC1-AE48-8E7221FEACEE}.Debug|Any CPU.Build.0 = Debug|Any CPU
		{2940EE22-F8D0-4DC1-AE48-8E7221FEACEE}.Release|Any CPU.ActiveCfg = Release|Any CPU
		{2940EE22-F8D0-4DC1-AE48-8E7221FEACEE}.Release|Any CPU.Build.0 = Release|Any CPU
		{15E74282-1690-460D-88A6-82ACEE9B79F8}.Debug|Any CPU.ActiveCfg = Debug|Any CPU
		{15E74282-1690-460D-88A6-82ACEE9B79F8}.Debug|Any CPU.Build.0 = Debug|Any CPU
		{15E74282-1690-460D-88A6-82ACEE9B79F8}.Release|Any CPU.ActiveCfg = Release|Any CPU
		{15E74282-1690-460D-88A6-82ACEE9B79F8}.Release|Any CPU.Build.0 = Release|Any CPU
		{699387DC-11E2-451D-B461-3260E56ED60E}.Debug|Any CPU.ActiveCfg = Debug|Any CPU
		{699387DC-11E2-451D-B461-3260E56ED60E}.Debug|Any CPU.Build.0 = Debug|Any CPU
		{699387DC-11E2-451D-B461-3260E56ED60E}.Release|Any CPU.ActiveCfg = Release|Any CPU
		{699387DC-11E2-451D-B461-3260E56ED60E}.Release|Any CPU.Build.0 = Release|Any CPU
	EndGlobalSection
	GlobalSection(SolutionProperties) = preSolution
		HideSolutionNode = FALSE
	EndGlobalSection
	GlobalSection(ExtensibilityGlobals) = postSolution
		SolutionGuid = {47B0111B-9D8E-4FA5-B28F-1051F8E072DF}
	EndGlobalSection
EndGlobal
